
Microsoft Visual Studio Solution File, Format Version 12.00
# Visual Studio Version 17
VisualStudioVersion = 17.8.34330.188
MinimumVisualStudioVersion = 10.0.40219.1
Project("{FAE04EC0-301F-11D3-BF4B-00C04F79EFBC}") = "DynamicDbSchemaBuilder.Server", "Server\DynamicDbSchemaBuilder.Server.csproj", "{C9B45467-044D-47DA-99AF-7C6953A07961}"
EndProject
Project("{FAE04EC0-301F-11D3-BF4B-00C04F79EFBC}") = "DynamicDbSchemaBuilder.Client", "Client\DynamicDbSchemaBuilder.Client.csproj", "{F072EE4E-ED95-4C38-87D6-708A8C8825BA}"
EndProject
Project("{FAE04EC0-301F-11D3-BF4B-00C04F79EFBC}") = "DynamicDbSchemaBuilder.Shared", "Shared\DynamicDbSchemaBuilder.Shared.csproj", "{E3C1BC20-DAAE-4067-BD90-61A46083EDC5}"
EndProject
Project("{9A19103F-16F7-4668-BE54-9A1E7A4F7556}") = "SharedEntityClasses", "..\SharedEntityClasses\SharedEntityClasses.csproj", "{1676BD79-80E1-4CAE-88BA-E44CE04C90D6}"
EndProject
Project("{FAE04EC0-301F-11D3-BF4B-00C04F79EFBC}") = "BaseConfigurableEntities_RCL", "..\BaseConfigurableEntities_RCL\BaseConfigurableEntities_RCL.csproj", "{C486580F-836E-4B17-9A7E-1CD4146D40B4}"
EndProject
Global
	GlobalSection(SolutionConfigurationPlatforms) = preSolution
		Debug|Any CPU = Debug|Any CPU
		Release|Any CPU = Release|Any CPU
	EndGlobalSection
	GlobalSection(ProjectConfigurationPlatforms) = postSolution
		{C9B45467-044D-47DA-99AF-7C6953A07961}.Debug|Any CPU.ActiveCfg = Debug|Any CPU
		{C9B45467-044D-47DA-99AF-7C6953A07961}.Debug|Any CPU.Build.0 = Debug|Any CPU
		{C9B45467-044D-47DA-99AF-7C6953A07961}.Release|Any CPU.ActiveCfg = Release|Any CPU
		{C9B45467-044D-47DA-99AF-7C6953A07961}.Release|Any CPU.Build.0 = Release|Any CPU
		{F072EE4E-ED95-4C38-87D6-708A8C8825BA}.Debug|Any CPU.ActiveCfg = Debug|Any CPU
		{F072EE4E-ED95-4C38-87D6-708A8C8825BA}.Debug|Any CPU.Build.0 = Debug|Any CPU
		{F072EE4E-ED95-4C38-87D6-708A8C8825BA}.Release|Any CPU.ActiveCfg = Release|Any CPU
		{F072EE4E-ED95-4C38-87D6-708A8C8825BA}.Release|Any CPU.Build.0 = Release|Any CPU
		{E3C1BC20-DAAE-4067-BD90-61A46083EDC5}.Debug|Any CPU.ActiveCfg = Debug|Any CPU
		{E3C1BC20-DAAE-4067-BD90-61A46083EDC5}.Debug|Any CPU.Build.0 = Debug|Any CPU
		{E3C1BC20-DAAE-4067-BD90-61A46083EDC5}.Release|Any CPU.ActiveCfg = Release|Any CPU
		{E3C1BC20-DAAE-4067-BD90-61A46083EDC5}.Release|Any CPU.Build.0 = Release|Any CPU
		{1676BD79-80E1-4CAE-88BA-E44CE04C90D6}.Debug|Any CPU.ActiveCfg = Debug|Any CPU
		{1676BD79-80E1-4CAE-88BA-E44CE04C90D6}.Debug|Any CPU.Build.0 = Debug|Any CPU
		{1676BD79-80E1-4CAE-88BA-E44CE04C90D6}.Release|Any CPU.ActiveCfg = Release|Any CPU
		{1676BD79-80E1-4CAE-88BA-E44CE04C90D6}.Release|Any CPU.Build.0 = Release|Any CPU
		{C486580F-836E-4B17-9A7E-1CD4146D40B4}.Debug|Any CPU.ActiveCfg = Debug|Any CPU
		{C486580F-836E-4B17-9A7E-1CD4146D40B4}.Debug|Any CPU.Build.0 = Debug|Any CPU
		{C486580F-836E-4B17-9A7E-1CD4146D40B4}.Release|Any CPU.ActiveCfg = Release|Any CPU
		{C486580F-836E-4B17-9A7E-1CD4146D40B4}.Release|Any CPU.Build.0 = Release|Any CPU
	EndGlobalSection
	GlobalSection(SolutionProperties) = preSolution
		HideSolutionNode = FALSE
	EndGlobalSection
	GlobalSection(ExtensibilityGlobals) = postSolution
		SolutionGuid = {1F46E378-F6B5-47C8-AD86-F825BABDBA77}
	EndGlobalSection
EndGlobal
